# This file is automatically @generated by Cargo.
# It is not intended for manual editing.
version = 3

[[package]]
name = "udp-data-pipeline-core"
version = "0.1.0"

[[package]]
name = "udp-multicast-publisher"
version = "0.1.0"
dependencies = [
 "udp-data-pipeline-core",
]

[[package]]
name = "udp-multicast-subscriber"
version = "0.1.0"
dependencies = [
 "udp-data-pipeline-core",
]
